
Microsoft Visual Studio Solution File, Format Version 12.00
# Visual Studio 14
VisualStudioVersion = 14.0.24720.0
MinimumVisualStudioVersion = 10.0.40219.1
Project("{2150E333-8FDC-42A3-9474-1A3956D46DE8}") = "Source", "Source", "{942B5FC8-7974-46AB-AB68-792DE3CBE9CD}"
EndProject
Project("{2150E333-8FDC-42A3-9474-1A3956D46DE8}") = "Tests", "Tests", "{2A258884-F1EB-483C-A010-9F65D9CE1C36}"
EndProject
Project("{FAE04EC0-301F-11D3-BF4B-00C04F79EFBC}") = "Leafnet", "Leafnet\Leafnet.csproj", "{2BC8C4BA-2B22-41BA-BF9D-FA3AD315C29B}"
EndProject
Project("{FAE04EC0-301F-11D3-BF4B-00C04F79EFBC}") = "Leafnet.Wpf", "Leafnet.Wpf\Leafnet.Wpf.csproj", "{D300B5DB-E7DB-425C-9257-5A95EC6489E1}"
EndProject
Project("{FAE04EC0-301F-11D3-BF4B-00C04F79EFBC}") = "Leafnet.Tests", "Leafnet.Tests\Leafnet.Tests.csproj", "{82E810B8-EC87-4085-8723-C3BBAC95156C}"
EndProject
Project("{FAE04EC0-301F-11D3-BF4B-00C04F79EFBC}") = "Leafnet.Wpf.Tests", "Leafnet.Wpf.Tests\Leafnet.Wpf.Tests.csproj", "{8E8F1805-527A-441B-90E9-AD4CED4FC77E}"
EndProject
Global
	GlobalSection(SolutionConfigurationPlatforms) = preSolution
		Debug|Any CPU = Debug|Any CPU
		Debug|x64 = Debug|x64
		Release|Any CPU = Release|Any CPU
		Release|x64 = Release|x64
	EndGlobalSection
	GlobalSection(ProjectConfigurationPlatforms) = postSolution
		{2BC8C4BA-2B22-41BA-BF9D-FA3AD315C29B}.Debug|Any CPU.ActiveCfg = Debug|x64
		{2BC8C4BA-2B22-41BA-BF9D-FA3AD315C29B}.Debug|x64.ActiveCfg = Debug|x64
		{2BC8C4BA-2B22-41BA-BF9D-FA3AD315C29B}.Debug|x64.Build.0 = Debug|x64
		{2BC8C4BA-2B22-41BA-BF9D-FA3AD315C29B}.Release|Any CPU.ActiveCfg = Release|x64
		{2BC8C4BA-2B22-41BA-BF9D-FA3AD315C29B}.Release|x64.ActiveCfg = Release|x64
		{2BC8C4BA-2B22-41BA-BF9D-FA3AD315C29B}.Release|x64.Build.0 = Release|x64
		{D300B5DB-E7DB-425C-9257-5A95EC6489E1}.Debug|Any CPU.ActiveCfg = Debug|x64
		{D300B5DB-E7DB-425C-9257-5A95EC6489E1}.Debug|x64.ActiveCfg = Debug|x64
		{D300B5DB-E7DB-425C-9257-5A95EC6489E1}.Debug|x64.Build.0 = Debug|x64
		{D300B5DB-E7DB-425C-9257-5A95EC6489E1}.Release|Any CPU.ActiveCfg = Release|x64
		{D300B5DB-E7DB-425C-9257-5A95EC6489E1}.Release|x64.ActiveCfg = Release|x64
		{D300B5DB-E7DB-425C-9257-5A95EC6489E1}.Release|x64.Build.0 = Release|x64
		{82E810B8-EC87-4085-8723-C3BBAC95156C}.Debug|Any CPU.ActiveCfg = Debug|x64
		{82E810B8-EC87-4085-8723-C3BBAC95156C}.Debug|x64.ActiveCfg = Debug|x64
		{82E810B8-EC87-4085-8723-C3BBAC95156C}.Debug|x64.Build.0 = Debug|x64
		{82E810B8-EC87-4085-8723-C3BBAC95156C}.Release|Any CPU.ActiveCfg = Release|x64
		{82E810B8-EC87-4085-8723-C3BBAC95156C}.Release|x64.ActiveCfg = Release|x64
		{82E810B8-EC87-4085-8723-C3BBAC95156C}.Release|x64.Build.0 = Release|x64
		{8E8F1805-527A-441B-90E9-AD4CED4FC77E}.Debug|Any CPU.ActiveCfg = Debug|x64
		{8E8F1805-527A-441B-90E9-AD4CED4FC77E}.Debug|x64.ActiveCfg = Debug|x64
		{8E8F1805-527A-441B-90E9-AD4CED4FC77E}.Debug|x64.Build.0 = Debug|x64
		{8E8F1805-527A-441B-90E9-AD4CED4FC77E}.Release|Any CPU.ActiveCfg = Release|x64
		{8E8F1805-527A-441B-90E9-AD4CED4FC77E}.Release|x64.ActiveCfg = Release|x64
		{8E8F1805-527A-441B-90E9-AD4CED4FC77E}.Release|x64.Build.0 = Release|x64
	EndGlobalSection
	GlobalSection(SolutionProperties) = preSolution
		HideSolutionNode = FALSE
	EndGlobalSection
	GlobalSection(NestedProjects) = preSolution
		{2BC8C4BA-2B22-41BA-BF9D-FA3AD315C29B} = {942B5FC8-7974-46AB-AB68-792DE3CBE9CD}
		{D300B5DB-E7DB-425C-9257-5A95EC6489E1} = {942B5FC8-7974-46AB-AB68-792DE3CBE9CD}
		{82E810B8-EC87-4085-8723-C3BBAC95156C} = {2A258884-F1EB-483C-A010-9F65D9CE1C36}
		{8E8F1805-527A-441B-90E9-AD4CED4FC77E} = {2A258884-F1EB-483C-A010-9F65D9CE1C36}
	EndGlobalSection
EndGlobal
